
Microsoft Visual Studio Solution File, Format Version 12.00
# Visual Studio Version 16
VisualStudioVersion = 16.0.28803.202
MinimumVisualStudioVersion = 10.0.40219.1
Project("{888888A0-9F3D-457C-B088-3A5042F75D52}") = "Botstanzav2", "Botstanzav2\Botstanzav2.pyproj", "{F63AEA91-D877-42FA-A498-BCE95D8F7BF5}"
EndProject
Global
	GlobalSection(SolutionConfigurationPlatforms) = preSolution
		Debug|Any CPU = Debug|Any CPU
		Release|Any CPU = Release|Any CPU
	EndGlobalSection
	GlobalSection(ProjectConfigurationPlatforms) = postSolution
		{F63AEA91-D877-42FA-A498-BCE95D8F7BF5}.Debug|Any CPU.ActiveCfg = Debug|Any CPU
		{F63AEA91-D877-42FA-A498-BCE95D8F7BF5}.Release|Any CPU.ActiveCfg = Release|Any CPU
	EndGlobalSection
	GlobalSection(SolutionProperties) = preSolution
		HideSolutionNode = FALSE
	EndGlobalSection
	GlobalSection(ExtensibilityGlobals) = postSolution
		SolutionGuid = {D14EF14C-FB76-4801-811F-58642C748B91}
	EndGlobalSection
EndGlobal
